
Microsoft Visual Studio Solution File, Format Version 12.00
# Visual Studio 15
Project("{FAE04EC0-301F-11D3-BF4B-00C04F79EFBC}") = "Pruebas", "Pruebas\Pruebas.csproj", "{C6882F79-F66B-4908-9FE0-A44CF350E84A}"
EndProject
Project("{FAE04EC0-301F-11D3-BF4B-00C04F79EFBC}") = "XUnit.Pruebas", "XUnit.Pruebas\XUnit.Pruebas.csproj", "{F4130DC8-21A7-4A31-886C-838F9D449E6C}"
EndProject
Global
	GlobalSection(SolutionConfigurationPlatforms) = preSolution
		Debug|Any CPU = Debug|Any CPU
		Release|Any CPU = Release|Any CPU
	EndGlobalSection
	GlobalSection(ProjectConfigurationPlatforms) = postSolution
		{C6882F79-F66B-4908-9FE0-A44CF350E84A}.Debug|Any CPU.ActiveCfg = Debug|Any CPU
		{C6882F79-F66B-4908-9FE0-A44CF350E84A}.Debug|Any CPU.Build.0 = Debug|Any CPU
		{C6882F79-F66B-4908-9FE0-A44CF350E84A}.Release|Any CPU.ActiveCfg = Release|Any CPU
		{C6882F79-F66B-4908-9FE0-A44CF350E84A}.Release|Any CPU.Build.0 = Release|Any CPU
		{F4130DC8-21A7-4A31-886C-838F9D449E6C}.Debug|Any CPU.ActiveCfg = Debug|Any CPU
		{F4130DC8-21A7-4A31-886C-838F9D449E6C}.Debug|Any CPU.Build.0 = Debug|Any CPU
		{F4130DC8-21A7-4A31-886C-838F9D449E6C}.Release|Any CPU.ActiveCfg = Release|Any CPU
		{F4130DC8-21A7-4A31-886C-838F9D449E6C}.Release|Any CPU.Build.0 = Release|Any CPU
	EndGlobalSection
EndGlobal
